{
  "name": "automacao-ordem-servicos-tic-pjf",
  "lockfileVersion": 3,
  "requires": true,
  "packages": {
    "": {
      "dependencies": {
        "docxtemplater": "^3.47.2",
        "libreoffice-convert": "^1.5.1",
        "pizzip": "^3.1.7"
      }
    },
    "node_modules/@xmldom/xmldom": {
      "version": "0.8.10",
      "resolved": "https://registry.npmjs.org/@xmldom/xmldom/-/xmldom-0.8.10.tgz",
      "integrity": "sha512-2WALfTl4xo2SkGCYRt6rDTFfk9R1czmBvUQy12gK2KuRKIpWEhcbbzy8EZXtz/jkRqHX8bFEc6FC1HjX4TUWYw==",
      "engines": {
        "node": ">=10.0.0"
      }
    },
    "node_modules/async": {
      "version": "3.2.5",
      "resolved": "https://registry.npmjs.org/async/-/async-3.2.5.tgz",
      "integrity": "sha512-baNZyqaaLhyLVKm/DlvdW051MSgO6b8eVfIezl9E5PqWxFgzLm/wQntEW4zOytVburDEr0JlALEpdOFwvErLsg=="
    },
    "node_modules/docxtemplater": {
      "version": "3.47.2",
      "resolved": "https://registry.npmjs.org/docxtemplater/-/docxtemplater-3.47.2.tgz",
      "integrity": "sha512-1v6qQPRYzLGxYhABBZzMIMtOAqu2SgGPdfz+lvAFijuVAF/HEoMTrdZ+CdG+pgxOvI0qPa6AD54kN+alUrW/dA==",
      "dependencies": {
        "@xmldom/xmldom": "^0.8.10"
      },
      "engines": {
        "node": ">=0.10"
      }
    },
    "node_modules/libreoffice-convert": {
      "version": "1.5.1",
      "resolved": "https://registry.npmjs.org/libreoffice-convert/-/libreoffice-convert-1.5.1.tgz",
      "integrity": "sha512-NtoH+OLl+ATuQE/HKPcpMgeJswwmJuvxZVzZ/+0kMZ3IxhCua8wdNeHqKelj36/2z7P595qjCNvQ2518gg8tvA==",
      "dependencies": {
        "async": "^3.2.3",
        "tmp": "^0.2.1"
      },
      "engines": {
        "node": ">=6"
      }
    },
    "node_modules/pako": {
      "version": "2.1.0",
      "resolved": "https://registry.npmjs.org/pako/-/pako-2.1.0.tgz",
      "integrity": "sha512-w+eufiZ1WuJYgPXbV/PO3NCMEc3xqylkKHzp8bxp1uW4qaSNQUkwmLLEc3kKsfz8lpV1F8Ht3U1Cm+9Srog2ug=="
    },
    "node_modules/pizzip": {
      "version": "3.1.7",
      "resolved": "https://registry.npmjs.org/pizzip/-/pizzip-3.1.7.tgz",
      "integrity": "sha512-VemVeAQtdIA74AN1Fsd5OmbMbEeS4YOwwlcudgzvmUrOIOPrk1idYC5Tw5FUFq/I0c26ziNOw9z//iPmGfp1jA==",
      "dependencies": {
        "pako": "^2.1.0"
      }
    },
    "node_modules/tmp": {
      "version": "0.2.3",
      "resolved": "https://registry.npmjs.org/tmp/-/tmp-0.2.3.tgz",
      "integrity": "sha512-nZD7m9iCPC5g0pYmcaxogYKggSfLsdxl8of3Q/oIbqCqLLIO9IAF0GWjX1z9NZRHPiXv8Wex4yDCaZsgEw0Y8w==",
      "engines": {
        "node": ">=14.14"
      }
    }
  }
}
